github.com/ncw/directio v1.0.5 h1:JSUBhdjEvVaJvOoyPAbcW0fnd0tvRXD76wEfZ1KcQz4=
github.com/ncw/directio v1.0.5/go.mod h1:rX/pKEYkOXBGOggmcyJeJGloCkleSvphPx2eV3t6ROk=
github.com/nixomose/nixomosegotools v0.0.0-20220601021307-4fef638de118 h1:P3rRcXQccmKLIL6M/Bf6CT++mlK5tLUNMQJTiABgI8o=
github.com/nixomose/nixomosegotools v0.0.0-20220601021307-4fef638de118/go.mod h1:dBOlDmzSf3z2BaH8feoB7Prtq6du/1z8QXib2bNFLRE=
golang.org/x/sys v0.0.0-20220928140112-f11e5e49a4ec h1:BkDtF2Ih9xZ7le9ndzTA7KJow28VbQW3odyk/8drmuI=
golang.org/x/sys v0.0.0-20220928140112-f11e5e49a4ec/go.mod h1:oPkhp1MJrh7nUepCBck5+mAzfO9JrbApNNgaTdGDITg=
